
Microsoft Visual Studio Solution File, Format Version 12.00
# Visual Studio Version 17
VisualStudioVersion = 17.3.32825.248
MinimumVisualStudioVersion = 10.0.40219.1
Project("{FAE04EC0-301F-11D3-BF4B-00C04F79EFBC}") = "Pagination", "Pagination\Pagination.csproj", "{FBB85965-EA6A-4D20-B9DE-9FCDC3F9BF87}"
EndProject
Global
	GlobalSection(SolutionConfigurationPlatforms) = preSolution
		Debug|Any CPU = Debug|Any CPU
		Release|Any CPU = Release|Any CPU
	EndGlobalSection
	GlobalSection(ProjectConfigurationPlatforms) = postSolution
		{FBB85965-EA6A-4D20-B9DE-9FCDC3F9BF87}.Debug|Any CPU.ActiveCfg = Debug|Any CPU
		{FBB85965-EA6A-4D20-B9DE-9FCDC3F9BF87}.Debug|Any CPU.Build.0 = Debug|Any CPU
		{FBB85965-EA6A-4D20-B9DE-9FCDC3F9BF87}.Release|Any CPU.ActiveCfg = Release|Any CPU
		{FBB85965-EA6A-4D20-B9DE-9FCDC3F9BF87}.Release|Any CPU.Build.0 = Release|Any CPU
	EndGlobalSection
	GlobalSection(SolutionProperties) = preSolution
		HideSolutionNode = FALSE
	EndGlobalSection
	GlobalSection(ExtensibilityGlobals) = postSolution
		SolutionGuid = {7D7FCC91-4E06-4E20-A008-67DD1462C711}
	EndGlobalSection
EndGlobal
